
Microsoft Visual Studio Solution File, Format Version 12.00
# Visual Studio Version 17
VisualStudioVersion = 17.0.31825.309
MinimumVisualStudioVersion = 10.0.40219.1
Project("{2150E333-8FDC-42A3-9474-1A3956D46DE8}") = "Services", "Services", "{076A4E5A-BE04-4CFB-9B20-2D86D3678AA1}"
EndProject
Project("{2150E333-8FDC-42A3-9474-1A3956D46DE8}") = "Catalog", "Catalog", "{3AB0E310-F4BD-4492-94BA-63A817434EC0}"
EndProject
Project("{9A19103F-16F7-4668-BE54-9A1E7A4F7556}") = "Catalog.API", "Services\Catalog\Catalog.API\Catalog.API.csproj", "{26320F00-9781-411A-878B-75053409CB23}"
EndProject
Project("{E53339B2-1760-4266-BCC7-CA923CBCF16C}") = "docker-compose", "docker-compose.dcproj", "{FFCC1028-B884-4B5D-975B-222C4F5D9A0A}"
EndProject
Project("{2150E333-8FDC-42A3-9474-1A3956D46DE8}") = "Basket", "Basket", "{7D68DE4F-0AEF-4C4F-BEB0-C1AC76F4D1E0}"
EndProject
Project("{9A19103F-16F7-4668-BE54-9A1E7A4F7556}") = "Basket.API", "Services\Basket\Basket.API\Basket.API.csproj", "{64116FCC-4D23-4533-9FCC-6C5FA9DF5CEB}"
EndProject
Project("{2150E333-8FDC-42A3-9474-1A3956D46DE8}") = "Discount", "Discount", "{2F0C85CE-177E-4030-B13F-D0F24F221781}"
EndProject
Project("{9A19103F-16F7-4668-BE54-9A1E7A4F7556}") = "Discount.API", "Services\Discount\Discount.API\Discount.API.csproj", "{A102DF6F-B34F-47EE-98D9-1EA2554EFDD0}"
EndProject
Project("{9A19103F-16F7-4668-BE54-9A1E7A4F7556}") = "Discount.Grpc", "Services\Discount\Discount.Grpc\Discount.Grpc.csproj", "{9F02C522-8D7C-477B-AFCB-80EC542EFB94}"
EndProject
Project("{2150E333-8FDC-42A3-9474-1A3956D46DE8}") = "Ordering", "Ordering", "{84BEC23D-2887-40E3-A54A-8468CEE55B38}"
EndProject
Project("{9A19103F-16F7-4668-BE54-9A1E7A4F7556}") = "Ordering.API", "Services\Ordering\Ordering.API\Ordering.API.csproj", "{BD5D9CD9-FB47-4A36-ACDF-AE7E19ED6551}"
EndProject
Project("{9A19103F-16F7-4668-BE54-9A1E7A4F7556}") = "Ordering.Domain", "Services\Ordering\Ordering.Domain\Ordering.Domain.csproj", "{8C956507-5813-418A-A48A-A03205454C54}"
EndProject
Project("{9A19103F-16F7-4668-BE54-9A1E7A4F7556}") = "Ordering.Application", "Services\Ordering\Ordering.Application\Ordering.Application.csproj", "{A3357F55-33C1-45D6-B550-1431D6BB3FDD}"
EndProject
Project("{9A19103F-16F7-4668-BE54-9A1E7A4F7556}") = "Ordering.Infrastructure", "Services\Ordering\Ordering.Infrastructure\Ordering.Infrastructure.csproj", "{CEC0C78C-6921-48D5-B23E-FB98A23749DE}"
EndProject
Project("{2150E333-8FDC-42A3-9474-1A3956D46DE8}") = "BuildingBlocks", "BuildingBlocks", "{09F0A9EC-485A-4B29-B0CF-651ADDB379FD}"
EndProject
Project("{FAE04EC0-301F-11D3-BF4B-00C04F79EFBC}") = "EventBus.Messages", "BuildingBlocks\EventBus.Messages\EventBus.Messages.csproj", "{5F97CD7A-B465-478C-9D87-BD67952973E0}"
EndProject
Global
	GlobalSection(SolutionConfigurationPlatforms) = preSolution
		Debug|Any CPU = Debug|Any CPU
		Release|Any CPU = Release|Any CPU
	EndGlobalSection
	GlobalSection(ProjectConfigurationPlatforms) = postSolution
		{26320F00-9781-411A-878B-75053409CB23}.Debug|Any CPU.ActiveCfg = Debug|Any CPU
		{26320F00-9781-411A-878B-75053409CB23}.Debug|Any CPU.Build.0 = Debug|Any CPU
		{26320F00-9781-411A-878B-75053409CB23}.Release|Any CPU.ActiveCfg = Release|Any CPU
		{26320F00-9781-411A-878B-75053409CB23}.Release|Any CPU.Build.0 = Release|Any CPU
		{FFCC1028-B884-4B5D-975B-222C4F5D9A0A}.Debug|Any CPU.ActiveCfg = Debug|Any CPU
		{FFCC1028-B884-4B5D-975B-222C4F5D9A0A}.Debug|Any CPU.Build.0 = Debug|Any CPU
		{FFCC1028-B884-4B5D-975B-222C4F5D9A0A}.Release|Any CPU.ActiveCfg = Release|Any CPU
		{FFCC1028-B884-4B5D-975B-222C4F5D9A0A}.Release|Any CPU.Build.0 = Release|Any CPU
		{64116FCC-4D23-4533-9FCC-6C5FA9DF5CEB}.Debug|Any CPU.ActiveCfg = Debug|Any CPU
		{64116FCC-4D23-4533-9FCC-6C5FA9DF5CEB}.Debug|Any CPU.Build.0 = Debug|Any CPU
		{64116FCC-4D23-4533-9FCC-6C5FA9DF5CEB}.Release|Any CPU.ActiveCfg = Release|Any CPU
		{64116FCC-4D23-4533-9FCC-6C5FA9DF5CEB}.Release|Any CPU.Build.0 = Release|Any CPU
		{A102DF6F-B34F-47EE-98D9-1EA2554EFDD0}.Debug|Any CPU.ActiveCfg = Debug|Any CPU
		{A102DF6F-B34F-47EE-98D9-1EA2554EFDD0}.Debug|Any CPU.Build.0 = Debug|Any CPU
		{A102DF6F-B34F-47EE-98D9-1EA2554EFDD0}.Release|Any CPU.ActiveCfg = Release|Any CPU
		{A102DF6F-B34F-47EE-98D9-1EA2554EFDD0}.Release|Any CPU.Build.0 = Release|Any CPU
		{9F02C522-8D7C-477B-AFCB-80EC542EFB94}.Debug|Any CPU.ActiveCfg = Debug|Any CPU
		{9F02C522-8D7C-477B-AFCB-80EC542EFB94}.Debug|Any CPU.Build.0 = Debug|Any CPU
		{9F02C522-8D7C-477B-AFCB-80EC542EFB94}.Release|Any CPU.ActiveCfg = Release|Any CPU
		{9F02C522-8D7C-477B-AFCB-80EC542EFB94}.Release|Any CPU.Build.0 = Release|Any CPU
		{BD5D9CD9-FB47-4A36-ACDF-AE7E19ED6551}.Debug|Any CPU.ActiveCfg = Debug|Any CPU
		{BD5D9CD9-FB47-4A36-ACDF-AE7E19ED6551}.Debug|Any CPU.Build.0 = Debug|Any CPU
		{BD5D9CD9-FB47-4A36-ACDF-AE7E19ED6551}.Release|Any CPU.ActiveCfg = Release|Any CPU
		{BD5D9CD9-FB47-4A36-ACDF-AE7E19ED6551}.Release|Any CPU.Build.0 = Release|Any CPU
		{8C956507-5813-418A-A48A-A03205454C54}.Debug|Any CPU.ActiveCfg = Debug|Any CPU
		{8C956507-5813-418A-A48A-A03205454C54}.Debug|Any CPU.Build.0 = Debug|Any CPU
		{8C956507-5813-418A-A48A-A03205454C54}.Release|Any CPU.ActiveCfg = Release|Any CPU
		{8C956507-5813-418A-A48A-A03205454C54}.Release|Any CPU.Build.0 = Release|Any CPU
		{A3357F55-33C1-45D6-B550-1431D6BB3FDD}.Debug|Any CPU.ActiveCfg = Debug|Any CPU
		{A3357F55-33C1-45D6-B550-1431D6BB3FDD}.Debug|Any CPU.Build.0 = Debug|Any CPU
		{A3357F55-33C1-45D6-B550-1431D6BB3FDD}.Release|Any CPU.ActiveCfg = Release|Any CPU
		{A3357F55-33C1-45D6-B550-1431D6BB3FDD}.Release|Any CPU.Build.0 = Release|Any CPU
		{CEC0C78C-6921-48D5-B23E-FB98A23749DE}.Debug|Any CPU.ActiveCfg = Debug|Any CPU
		{CEC0C78C-6921-48D5-B23E-FB98A23749DE}.Debug|Any CPU.Build.0 = Debug|Any CPU
		{CEC0C78C-6921-48D5-B23E-FB98A23749DE}.Release|Any CPU.ActiveCfg = Release|Any CPU
		{CEC0C78C-6921-48D5-B23E-FB98A23749DE}.Release|Any CPU.Build.0 = Release|Any CPU
		{5F97CD7A-B465-478C-9D87-BD67952973E0}.Debug|Any CPU.ActiveCfg = Debug|Any CPU
		{5F97CD7A-B465-478C-9D87-BD67952973E0}.Debug|Any CPU.Build.0 = Debug|Any CPU
		{5F97CD7A-B465-478C-9D87-BD67952973E0}.Release|Any CPU.ActiveCfg = Release|Any CPU
		{5F97CD7A-B465-478C-9D87-BD67952973E0}.Release|Any CPU.Build.0 = Release|Any CPU
	EndGlobalSection
	GlobalSection(SolutionProperties) = preSolution
		HideSolutionNode = FALSE
	EndGlobalSection
	GlobalSection(NestedProjects) = preSolution
		{3AB0E310-F4BD-4492-94BA-63A817434EC0} = {076A4E5A-BE04-4CFB-9B20-2D86D3678AA1}
		{26320F00-9781-411A-878B-75053409CB23} = {3AB0E310-F4BD-4492-94BA-63A817434EC0}
		{7D68DE4F-0AEF-4C4F-BEB0-C1AC76F4D1E0} = {076A4E5A-BE04-4CFB-9B20-2D86D3678AA1}
		{64116FCC-4D23-4533-9FCC-6C5FA9DF5CEB} = {7D68DE4F-0AEF-4C4F-BEB0-C1AC76F4D1E0}
		{2F0C85CE-177E-4030-B13F-D0F24F221781} = {076A4E5A-BE04-4CFB-9B20-2D86D3678AA1}
		{A102DF6F-B34F-47EE-98D9-1EA2554EFDD0} = {2F0C85CE-177E-4030-B13F-D0F24F221781}
		{9F02C522-8D7C-477B-AFCB-80EC542EFB94} = {2F0C85CE-177E-4030-B13F-D0F24F221781}
		{84BEC23D-2887-40E3-A54A-8468CEE55B38} = {076A4E5A-BE04-4CFB-9B20-2D86D3678AA1}
		{BD5D9CD9-FB47-4A36-ACDF-AE7E19ED6551} = {84BEC23D-2887-40E3-A54A-8468CEE55B38}
		{8C956507-5813-418A-A48A-A03205454C54} = {84BEC23D-2887-40E3-A54A-8468CEE55B38}
		{A3357F55-33C1-45D6-B550-1431D6BB3FDD} = {84BEC23D-2887-40E3-A54A-8468CEE55B38}
		{CEC0C78C-6921-48D5-B23E-FB98A23749DE} = {84BEC23D-2887-40E3-A54A-8468CEE55B38}
		{5F97CD7A-B465-478C-9D87-BD67952973E0} = {09F0A9EC-485A-4B29-B0CF-651ADDB379FD}
	EndGlobalSection
	GlobalSection(ExtensibilityGlobals) = postSolution
		SolutionGuid = {7D01F5DE-1793-4204-A142-681ED8333AD3}
	EndGlobalSection
EndGlobal
